// !$*UTF8*$!
{
	archiveVersion = 1;
	classes = {
	};
	objectVersion = 56;
	objects = {

/* Begin PBXBuildFile section */
		3B27EE6D2BACFEC900663D0C /* RouteInProgressCardView.swift in Sources */ = {isa = PBXBuildFile; fileRef = 3B27EE6C2BACFEC900663D0C /* RouteInProgressCardView.swift */; };
		3B2DAC0F2BACB0BC00D69206 /* RouteInProgressViewModel.swift in Sources */ = {isa = PBXBuildFile; fileRef = 3B2DAC0E2BACB0BC00D69206 /* RouteInProgressViewModel.swift */; };
		3B6869D02BA8FA0F0081C7EC /* RouteInProgressLoadingStateView.swift in Sources */ = {isa = PBXBuildFile; fileRef = 3B6869CF2BA8FA0F0081C7EC /* RouteInProgressLoadingStateView.swift */; };
		3B6869D32BA8FA9C0081C7EC /* RouteListViewModel.swift in Sources */ = {isa = PBXBuildFile; fileRef = 3B6869D22BA8FA9C0081C7EC /* RouteListViewModel.swift */; };
		3B6869D52BA8FAD40081C7EC /* RouteListView.swift in Sources */ = {isa = PBXBuildFile; fileRef = 3B6869D42BA8FAD40081C7EC /* RouteListView.swift */; };
		3B6869D72BA8FAF70081C7EC /* RouteListItemView.swift in Sources */ = {isa = PBXBuildFile; fileRef = 3B6869D62BA8FAF70081C7EC /* RouteListItemView.swift */; };
		3B6869DA2BA8FB430081C7EC /* NewRoute.swift in Sources */ = {isa = PBXBuildFile; fileRef = 3B6869D92BA8FB430081C7EC /* NewRoute.swift */; };
		3B6869DC2BA8FB5F0081C7EC /* Route.swift in Sources */ = {isa = PBXBuildFile; fileRef = 3B6869DB2BA8FB5F0081C7EC /* Route.swift */; };
		3B6869DE2BA8FB8B0081C7EC /* RoutePoint.swift in Sources */ = {isa = PBXBuildFile; fileRef = 3B6869DD2BA8FB8B0081C7EC /* RoutePoint.swift */; };
		3B6869E02BA8FBBB0081C7EC /* RouteType.swift in Sources */ = {isa = PBXBuildFile; fileRef = 3B6869DF2BA8FBBB0081C7EC /* RouteType.swift */; };
		3B6869E32BA8FC040081C7EC /* RoutesService.swift in Sources */ = {isa = PBXBuildFile; fileRef = 3B6869E22BA8FC040081C7EC /* RoutesService.swift */; };
		3B70E1FC2B7C69B3009DA7BF /* PathyApp.swift in Sources */ = {isa = PBXBuildFile; fileRef = 3B70E1FB2B7C69B3009DA7BF /* PathyApp.swift */; };
		3B70E1FE2B7C69B3009DA7BF /* ContentView.swift in Sources */ = {isa = PBXBuildFile; fileRef = 3B70E1FD2B7C69B3009DA7BF /* ContentView.swift */; };
		3B70E2002B7C69B4009DA7BF /* Assets.xcassets in Resources */ = {isa = PBXBuildFile; fileRef = 3B70E1FF2B7C69B4009DA7BF /* Assets.xcassets */; };
		3B70E2032B7C69B4009DA7BF /* Preview Assets.xcassets in Resources */ = {isa = PBXBuildFile; fileRef = 3B70E2022B7C69B4009DA7BF /* Preview Assets.xcassets */; };
		3B70E20B2B7C69D5009DA7BF /* LocationManager.swift in Sources */ = {isa = PBXBuildFile; fileRef = 3B70E20A2B7C69D5009DA7BF /* LocationManager.swift */; };
		3B70E20E2B7C6A30009DA7BF /* RequestLocationAccessView.swift in Sources */ = {isa = PBXBuildFile; fileRef = 3B70E20D2B7C6A30009DA7BF /* RequestLocationAccessView.swift */; };
		3B70E2132B7C6A8B009DA7BF /* RouteInProgressView.swift in Sources */ = {isa = PBXBuildFile; fileRef = 3B70E2122B7C6A8B009DA7BF /* RouteInProgressView.swift */; };
		3B9A6FED2B8E576C00911537 /* RouteState.swift in Sources */ = {isa = PBXBuildFile; fileRef = 3B9A6FEC2B8E576C00911537 /* RouteState.swift */; };
		3B9A6FF12B8E57C800911537 /* RouteInProgressMapView.swift in Sources */ = {isa = PBXBuildFile; fileRef = 3B9A6FF02B8E57C800911537 /* RouteInProgressMapView.swift */; };
/* End PBXBuildFile section */

/* Begin PBXFileReference section */
		3B27EE6C2BACFEC900663D0C /* RouteInProgressCardView.swift */ = {isa = PBXFileReference; lastKnownFileType = sourcecode.swift; path = RouteInProgressCardView.swift; sourceTree = "<group>"; };
		3B2DAC0E2BACB0BC00D69206 /* RouteInProgressViewModel.swift */ = {isa = PBXFileReference; lastKnownFileType = sourcecode.swift; path = RouteInProgressViewModel.swift; sourceTree = "<group>"; };
		3B6869CF2BA8FA0F0081C7EC /* RouteInProgressLoadingStateView.swift */ = {isa = PBXFileReference; lastKnownFileType = sourcecode.swift; name = RouteInProgressLoadingStateView.swift; path = "Pathy/Route In Progress/RouteInProgressLoadingStateView.swift"; sourceTree = SOURCE_ROOT; };
		3B6869D22BA8FA9C0081C7EC /* RouteListViewModel.swift */ = {isa = PBXFileReference; lastKnownFileType = sourcecode.swift; path = RouteListViewModel.swift; sourceTree = "<group>"; };
		3B6869D42BA8FAD40081C7EC /* RouteListView.swift */ = {isa = PBXFileReference; lastKnownFileType = sourcecode.swift; path = RouteListView.swift; sourceTree = "<group>"; };
		3B6869D62BA8FAF70081C7EC /* RouteListItemView.swift */ = {isa = PBXFileReference; lastKnownFileType = sourcecode.swift; path = RouteListItemView.swift; sourceTree = "<group>"; };
		3B6869D92BA8FB430081C7EC /* NewRoute.swift */ = {isa = PBXFileReference; lastKnownFileType = sourcecode.swift; path = NewRoute.swift; sourceTree = "<group>"; };
		3B6869DB2BA8FB5F0081C7EC /* Route.swift */ = {isa = PBXFileReference; lastKnownFileType = sourcecode.swift; path = Route.swift; sourceTree = "<group>"; };
		3B6869DD2BA8FB8B0081C7EC /* RoutePoint.swift */ = {isa = PBXFileReference; lastKnownFileType = sourcecode.swift; path = RoutePoint.swift; sourceTree = "<group>"; };
		3B6869DF2BA8FBBB0081C7EC /* RouteType.swift */ = {isa = PBXFileReference; lastKnownFileType = sourcecode.swift; path = RouteType.swift; sourceTree = "<group>"; };
		3B6869E22BA8FC040081C7EC /* RoutesService.swift */ = {isa = PBXFileReference; lastKnownFileType = sourcecode.swift; path = RoutesService.swift; sourceTree = "<group>"; };
		3B70E1F82B7C69B3009DA7BF /* Pathy.app */ = {isa = PBXFileReference; explicitFileType = wrapper.application; includeInIndex = 0; path = Pathy.app; sourceTree = BUILT_PRODUCTS_DIR; };
		3B70E1FB2B7C69B3009DA7BF /* PathyApp.swift */ = {isa = PBXFileReference; lastKnownFileType = sourcecode.swift; path = PathyApp.swift; sourceTree = "<group>"; };
		3B70E1FD2B7C69B3009DA7BF /* ContentView.swift */ = {isa = PBXFileReference; lastKnownFileType = sourcecode.swift; path = ContentView.swift; sourceTree = "<group>"; };
		3B70E1FF2B7C69B4009DA7BF /* Assets.xcassets */ = {isa = PBXFileReference; lastKnownFileType = folder.assetcatalog; path = Assets.xcassets; sourceTree = "<group>"; };
		3B70E2022B7C69B4009DA7BF /* Preview Assets.xcassets */ = {isa = PBXFileReference; lastKnownFileType = folder.assetcatalog; path = "Preview Assets.xcassets"; sourceTree = "<group>"; };
		3B70E20A2B7C69D5009DA7BF /* LocationManager.swift */ = {isa = PBXFileReference; lastKnownFileType = sourcecode.swift; path = LocationManager.swift; sourceTree = "<group>"; };
		3B70E20D2B7C6A30009DA7BF /* RequestLocationAccessView.swift */ = {isa = PBXFileReference; lastKnownFileType = sourcecode.swift; path = RequestLocationAccessView.swift; sourceTree = "<group>"; };
		3B70E2122B7C6A8B009DA7BF /* RouteInProgressView.swift */ = {isa = PBXFileReference; lastKnownFileType = sourcecode.swift; path = RouteInProgressView.swift; sourceTree = "<group>"; };
		3B9A6FEC2B8E576C00911537 /* RouteState.swift */ = {isa = PBXFileReference; lastKnownFileType = sourcecode.swift; name = RouteState.swift; path = "Pathy/Route In Progress/RouteState.swift"; sourceTree = SOURCE_ROOT; };
		3B9A6FF02B8E57C800911537 /* RouteInProgressMapView.swift */ = {isa = PBXFileReference; lastKnownFileType = sourcecode.swift; name = RouteInProgressMapView.swift; path = "Pathy/Route In Progress/RouteInProgressMapView.swift"; sourceTree = SOURCE_ROOT; };
/* End PBXFileReference section */

/* Begin PBXFrameworksBuildPhase section */
		3B70E1F52B7C69B3009DA7BF /* Frameworks */ = {
			isa = PBXFrameworksBuildPhase;
			buildActionMask = 2147483647;
			files = (
			);
			runOnlyForDeploymentPostprocessing = 0;
		};
/* End PBXFrameworksBuildPhase section */

/* Begin PBXGroup section */
		3B6869D12BA8FA530081C7EC /* Route List */ = {
			isa = PBXGroup;
			children = (
				3B6869D22BA8FA9C0081C7EC /* RouteListViewModel.swift */,
				3B6869D42BA8FAD40081C7EC /* RouteListView.swift */,
				3B6869D62BA8FAF70081C7EC /* RouteListItemView.swift */,
			);
			path = "Route List";
			sourceTree = "<group>";
		};
		3B6869D82BA8FB270081C7EC /* Models */ = {
			isa = PBXGroup;
			children = (
				3B6869D92BA8FB430081C7EC /* NewRoute.swift */,
				3B6869DB2BA8FB5F0081C7EC /* Route.swift */,
				3B6869DD2BA8FB8B0081C7EC /* RoutePoint.swift */,
				3B6869DF2BA8FBBB0081C7EC /* RouteType.swift */,
			);
			path = Models;
			sourceTree = "<group>";
		};
		3B6869E12BA8FBE20081C7EC /* Services */ = {
			isa = PBXGroup;
			children = (
				3B6869E22BA8FC040081C7EC /* RoutesService.swift */,
			);
			path = Services;
			sourceTree = "<group>";
		};
		3B70E1EF2B7C69B3009DA7BF = {
			isa = PBXGroup;
			children = (
				3B70E1FA2B7C69B3009DA7BF /* Pathy */,
				3B70E1F92B7C69B3009DA7BF /* Products */,
			);
			sourceTree = "<group>";
		};
		3B70E1F92B7C69B3009DA7BF /* Products */ = {
			isa = PBXGroup;
			children = (
				3B70E1F82B7C69B3009DA7BF /* Pathy.app */,
			);
			name = Products;
			sourceTree = "<group>";
		};
		3B70E1FA2B7C69B3009DA7BF /* Pathy */ = {
			isa = PBXGroup;
			children = (
				3B70E1FB2B7C69B3009DA7BF /* PathyApp.swift */,
				3B70E1FD2B7C69B3009DA7BF /* ContentView.swift */,
				3B6869D82BA8FB270081C7EC /* Models */,
				3B6869E12BA8FBE20081C7EC /* Services */,
				3B6869D12BA8FA530081C7EC /* Route List */,
				3B70E20F2B7C6A4D009DA7BF /* Route in Progress */,
				3B70E20C2B7C6A11009DA7BF /* RequestLocationAccess */,
				3B70E2092B7C69BF009DA7BF /* Shared */,
				3B70E1FF2B7C69B4009DA7BF /* Assets.xcassets */,
				3B70E2012B7C69B4009DA7BF /* Preview Content */,
			);
			path = Pathy;
			sourceTree = "<group>";
		};
		3B70E2012B7C69B4009DA7BF /* Preview Content */ = {
			isa = PBXGroup;
			children = (
				3B70E2022B7C69B4009DA7BF /* Preview Assets.xcassets */,
			);
			path = "Preview Content";
			sourceTree = "<group>";
		};
		3B70E2092B7C69BF009DA7BF /* Shared */ = {
			isa = PBXGroup;
			children = (
				3B70E20A2B7C69D5009DA7BF /* LocationManager.swift */,
			);
			path = Shared;
			sourceTree = "<group>";
		};
		3B70E20C2B7C6A11009DA7BF /* RequestLocationAccess */ = {
			isa = PBXGroup;
			children = (
				3B70E20D2B7C6A30009DA7BF /* RequestLocationAccessView.swift */,
			);
			path = RequestLocationAccess;
			sourceTree = "<group>";
		};
		3B70E20F2B7C6A4D009DA7BF /* Route in Progress */ = {
			isa = PBXGroup;
			children = (
				3B70E2122B7C6A8B009DA7BF /* RouteInProgressView.swift */,
				3B9A6FEC2B8E576C00911537 /* RouteState.swift */,
				3B9A6FF02B8E57C800911537 /* RouteInProgressMapView.swift */,
				3B6869CF2BA8FA0F0081C7EC /* RouteInProgressLoadingStateView.swift */,
				3B2DAC0E2BACB0BC00D69206 /* RouteInProgressViewModel.swift */,
				3B27EE6C2BACFEC900663D0C /* RouteInProgressCardView.swift */,
			);
			path = "Route in Progress";
			sourceTree = "<group>";
		};
/* End PBXGroup section */

/* Begin PBXNativeTarget section */
		3B70E1F72B7C69B3009DA7BF /* Pathy */ = {
			isa = PBXNativeTarget;
			buildConfigurationList = 3B70E2062B7C69B4009DA7BF /* Build configuration list for PBXNativeTarget "Pathy" */;
			buildPhases = (
				3B70E1F42B7C69B3009DA7BF /* Sources */,
				3B70E1F52B7C69B3009DA7BF /* Frameworks */,
				3B70E1F62B7C69B3009DA7BF /* Resources */,
			);
			buildRules = (
			);
			dependencies = (
			);
			name = Pathy;
			productName = Pathy;
			productReference = 3B70E1F82B7C69B3009DA7BF /* Pathy.app */;
			productType = "com.apple.product-type.application";
		};
/* End PBXNativeTarget section */

/* Begin PBXProject section */
		3B70E1F02B7C69B3009DA7BF /* Project object */ = {
			isa = PBXProject;
			attributes = {
				BuildIndependentTargetsInParallel = 1;
				LastSwiftUpdateCheck = 1520;
				LastUpgradeCheck = 1520;
				TargetAttributes = {
					3B70E1F72B7C69B3009DA7BF = {
						CreatedOnToolsVersion = 15.2;
					};
				};
			};
			buildConfigurationList = 3B70E1F32B7C69B3009DA7BF /* Build configuration list for PBXProject "Pathy" */;
			compatibilityVersion = "Xcode 14.0";
			developmentRegion = en;
			hasScannedForEncodings = 0;
			knownRegions = (
				en,
				Base,
			);
			mainGroup = 3B70E1EF2B7C69B3009DA7BF;
			productRefGroup = 3B70E1F92B7C69B3009DA7BF /* Products */;
			projectDirPath = "";
			projectRoot = "";
			targets = (
				3B70E1F72B7C69B3009DA7BF /* Pathy */,
			);
		};
/* End PBXProject section */

/* Begin PBXResourcesBuildPhase section */
		3B70E1F62B7C69B3009DA7BF /* Resources */ = {
			isa = PBXResourcesBuildPhase;
			buildActionMask = 2147483647;
			files = (
				3B70E2032B7C69B4009DA7BF /* Preview Assets.xcassets in Resources */,
				3B70E2002B7C69B4009DA7BF /* Assets.xcassets in Resources */,
			);
			runOnlyForDeploymentPostprocessing = 0;
		};
/* End PBXResourcesBuildPhase section */

/* Begin PBXSourcesBuildPhase section */
		3B70E1F42B7C69B3009DA7BF /* Sources */ = {
			isa = PBXSourcesBuildPhase;
			buildActionMask = 2147483647;
			files = (
				3B70E2132B7C6A8B009DA7BF /* RouteInProgressView.swift in Sources */,
				3B70E1FE2B7C69B3009DA7BF /* ContentView.swift in Sources */,
				3B6869DC2BA8FB5F0081C7EC /* Route.swift in Sources */,
				3B6869DE2BA8FB8B0081C7EC /* RoutePoint.swift in Sources */,
				3B6869D02BA8FA0F0081C7EC /* RouteInProgressLoadingStateView.swift in Sources */,
				3B6869D52BA8FAD40081C7EC /* RouteListView.swift in Sources */,
				3B6869E32BA8FC040081C7EC /* RoutesService.swift in Sources */,
				3B70E20E2B7C6A30009DA7BF /* RequestLocationAccessView.swift in Sources */,
				3B70E1FC2B7C69B3009DA7BF /* PathyApp.swift in Sources */,
				3B6869E02BA8FBBB0081C7EC /* RouteType.swift in Sources */,
				3B9A6FF12B8E57C800911537 /* RouteInProgressMapView.swift in Sources */,
				3B70E20B2B7C69D5009DA7BF /* LocationManager.swift in Sources */,
				3B6869D32BA8FA9C0081C7EC /* RouteListViewModel.swift in Sources */,
				3B2DAC0F2BACB0BC00D69206 /* RouteInProgressViewModel.swift in Sources */,
				3B6869D72BA8FAF70081C7EC /* RouteListItemView.swift in Sources */,
				3B6869DA2BA8FB430081C7EC /* NewRoute.swift in Sources */,
				3B27EE6D2BACFEC900663D0C /* RouteInProgressCardView.swift in Sources */,
				3B9A6FED2B8E576C00911537 /* RouteState.swift in Sources */,
			);
			runOnlyForDeploymentPostprocessing = 0;
		};
/* End PBXSourcesBuildPhase section */

/* Begin XCBuildConfiguration section */
		3B70E2042B7C69B4009DA7BF /* Debug */ = {
			isa = XCBuildConfiguration;
			buildSettings = {
				ALWAYS_SEARCH_USER_PATHS = NO;
				ASSETCATALOG_COMPILER_GENERATE_SWIFT_ASSET_SYMBOL_EXTENSIONS = YES;
				CLANG_ANALYZER_NONNULL = YES;
				CLANG_ANALYZER_NUMBER_OBJECT_CONVERSION = YES_AGGRESSIVE;
				CLANG_CXX_LANGUAGE_STANDARD = "gnu++20";
				CLANG_ENABLE_MODULES = YES;
				CLANG_ENABLE_OBJC_ARC = YES;
				CLANG_ENABLE_OBJC_WEAK = YES;
				CLANG_WARN_BLOCK_CAPTURE_AUTORELEASING = YES;
				CLANG_WARN_BOOL_CONVERSION = YES;
				CLANG_WARN_COMMA = YES;
				CLANG_WARN_CONSTANT_CONVERSION = YES;
				CLANG_WARN_DEPRECATED_OBJC_IMPLEMENTATIONS = YES;
				CLANG_WARN_DIRECT_OBJC_ISA_USAGE = YES_ERROR;
				CLANG_WARN_DOCUMENTATION_COMMENTS = YES;
				CLANG_WARN_EMPTY_BODY = YES;
				CLANG_WARN_ENUM_CONVERSION = YES;
				CLANG_WARN_INFINITE_RECURSION = YES;
				CLANG_WARN_INT_CONVERSION = YES;
				CLANG_WARN_NON_LITERAL_NULL_CONVERSION = YES;
				CLANG_WARN_OBJC_IMPLICIT_RETAIN_SELF = YES;
				CLANG_WARN_OBJC_LITERAL_CONVERSION = YES;
				CLANG_WARN_OBJC_ROOT_CLASS = YES_ERROR;
				CLANG_WARN_QUOTED_INCLUDE_IN_FRAMEWORK_HEADER = YES;
				CLANG_WARN_RANGE_LOOP_ANALYSIS = YES;
				CLANG_WARN_STRICT_PROTOTYPES = YES;
				CLANG_WARN_SUSPICIOUS_MOVE = YES;
				CLANG_WARN_UNGUARDED_AVAILABILITY = YES_AGGRESSIVE;
				CLANG_WARN_UNREACHABLE_CODE = YES;
				CLANG_WARN__DUPLICATE_METHOD_MATCH = YES;
				COPY_PHASE_STRIP = NO;
				DEBUG_INFORMATION_FORMAT = dwarf;
				ENABLE_STRICT_OBJC_MSGSEND = YES;
				ENABLE_TESTABILITY = YES;
				ENABLE_USER_SCRIPT_SANDBOXING = YES;
				GCC_C_LANGUAGE_STANDARD = gnu17;
				GCC_DYNAMIC_NO_PIC = NO;
				GCC_NO_COMMON_BLOCKS = YES;
				GCC_OPTIMIZATION_LEVEL = 0;
				GCC_PREPROCESSOR_DEFINITIONS = (
					"DEBUG=1",
					"$(inherited)",
				);
				GCC_WARN_64_TO_32_BIT_CONVERSION = YES;
				GCC_WARN_ABOUT_RETURN_TYPE = YES_ERROR;
				GCC_WARN_UNDECLARED_SELECTOR = YES;
				GCC_WARN_UNINITIALIZED_AUTOS = YES_AGGRESSIVE;
				GCC_WARN_UNUSED_FUNCTION = YES;
				GCC_WARN_UNUSED_VARIABLE = YES;
				IPHONEOS_DEPLOYMENT_TARGET = 17.2;
				LOCALIZATION_PREFERS_STRING_CATALOGS = YES;
				MTL_ENABLE_DEBUG_INFO = INCLUDE_SOURCE;
				MTL_FAST_MATH = YES;
				ONLY_ACTIVE_ARCH = YES;
				SDKROOT = iphoneos;
				SWIFT_ACTIVE_COMPILATION_CONDITIONS = "DEBUG $(inherited)";
				SWIFT_OPTIMIZATION_LEVEL = "-Onone";
			};
			name = Debug;
		};
		3B70E2052B7C69B4009DA7BF /* Release */ = {
			isa = XCBuildConfiguration;
			buildSettings = {
				ALWAYS_SEARCH_USER_PATHS = NO;
				ASSETCATALOG_COMPILER_GENERATE_SWIFT_ASSET_SYMBOL_EXTENSIONS = YES;
				CLANG_ANALYZER_NONNULL = YES;
				CLANG_ANALYZER_NUMBER_OBJECT_CONVERSION = YES_AGGRESSIVE;
				CLANG_CXX_LANGUAGE_STANDARD = "gnu++20";
				CLANG_ENABLE_MODULES = YES;
				CLANG_ENABLE_OBJC_ARC = YES;
				CLANG_ENABLE_OBJC_WEAK = YES;
				CLANG_WARN_BLOCK_CAPTURE_AUTORELEASING = YES;
				CLANG_WARN_BOOL_CONVERSION = YES;
				CLANG_WARN_COMMA = YES;
				CLANG_WARN_CONSTANT_CONVERSION = YES;
				CLANG_WARN_DEPRECATED_OBJC_IMPLEMENTATIONS = YES;
				CLANG_WARN_DIRECT_OBJC_ISA_USAGE = YES_ERROR;
				CLANG_WARN_DOCUMENTATION_COMMENTS = YES;
				CLANG_WARN_EMPTY_BODY = YES;
				CLANG_WARN_ENUM_CONVERSION = YES;
				CLANG_WARN_INFINITE_RECURSION = YES;
				CLANG_WARN_INT_CONVERSION = YES;
				CLANG_WARN_NON_LITERAL_NULL_CONVERSION = YES;
				CLANG_WARN_OBJC_IMPLICIT_RETAIN_SELF = YES;
				CLANG_WARN_OBJC_LITERAL_CONVERSION = YES;
				CLANG_WARN_OBJC_ROOT_CLASS = YES_ERROR;
				CLANG_WARN_QUOTED_INCLUDE_IN_FRAMEWORK_HEADER = YES;
				CLANG_WARN_RANGE_LOOP_ANALYSIS = YES;
				CLANG_WARN_STRICT_PROTOTYPES = YES;
				CLANG_WARN_SUSPICIOUS_MOVE = YES;
				CLANG_WARN_UNGUARDED_AVAILABILITY = YES_AGGRESSIVE;
				CLANG_WARN_UNREACHABLE_CODE = YES;
				CLANG_WARN__DUPLICATE_METHOD_MATCH = YES;
				COPY_PHASE_STRIP = NO;
				DEBUG_INFORMATION_FORMAT = "dwarf-with-dsym";
				ENABLE_NS_ASSERTIONS = NO;
				ENABLE_STRICT_OBJC_MSGSEND = YES;
				ENABLE_USER_SCRIPT_SANDBOXING = YES;
				GCC_C_LANGUAGE_STANDARD = gnu17;
				GCC_NO_COMMON_BLOCKS = YES;
				GCC_WARN_64_TO_32_BIT_CONVERSION = YES;
				GCC_WARN_ABOUT_RETURN_TYPE = YES_ERROR;
				GCC_WARN_UNDECLARED_SELECTOR = YES;
				GCC_WARN_UNINITIALIZED_AUTOS = YES_AGGRESSIVE;
				GCC_WARN_UNUSED_FUNCTION = YES;
				GCC_WARN_UNUSED_VARIABLE = YES;
				IPHONEOS_DEPLOYMENT_TARGET = 17.2;
				LOCALIZATION_PREFERS_STRING_CATALOGS = YES;
				MTL_ENABLE_DEBUG_INFO = NO;
				MTL_FAST_MATH = YES;
				SDKROOT = iphoneos;
				SWIFT_COMPILATION_MODE = wholemodule;
				VALIDATE_PRODUCT = YES;
			};
			name = Release;
		};
		3B70E2072B7C69B4009DA7BF /* Debug */ = {
			isa = XCBuildConfiguration;
			buildSettings = {
				ASSETCATALOG_COMPILER_APPICON_NAME = AppIcon;
				ASSETCATALOG_COMPILER_GLOBAL_ACCENT_COLOR_NAME = AccentColor;
				CODE_SIGN_STYLE = Automatic;
				CURRENT_PROJECT_VERSION = 1;
				DEVELOPMENT_ASSET_PATHS = "\"Pathy/Preview Content\"";
				ENABLE_PREVIEWS = YES;
				GENERATE_INFOPLIST_FILE = YES;
				INFOPLIST_KEY_NSLocationWhenInUseUsageDescription = "We will use your location to track the path you take during the walk or run.";
				INFOPLIST_KEY_UIApplicationSceneManifest_Generation = YES;
				INFOPLIST_KEY_UIApplicationSupportsIndirectInputEvents = YES;
				INFOPLIST_KEY_UILaunchScreen_Generation = YES;
				INFOPLIST_KEY_UISupportedInterfaceOrientations_iPad = "UIInterfaceOrientationPortrait UIInterfaceOrientationPortraitUpsideDown UIInterfaceOrientationLandscapeLeft UIInterfaceOrientationLandscapeRight";
				INFOPLIST_KEY_UISupportedInterfaceOrientations_iPhone = "UIInterfaceOrientationPortrait UIInterfaceOrientationLandscapeLeft UIInterfaceOrientationLandscapeRight";
				LD_RUNPATH_SEARCH_PATHS = (
					"$(inherited)",
					"@executable_path/Frameworks",
				);
				MARKETING_VERSION = 1.0;
				PRODUCT_BUNDLE_IDENTIFIER = mkdrabik.Pathy;
				PRODUCT_NAME = "$(TARGET_NAME)";
				SWIFT_EMIT_LOC_STRINGS = YES;
				SWIFT_VERSION = 5.0;
				TARGETED_DEVICE_FAMILY = "1,2";
			};
			name = Debug;
		};
		3B70E2082B7C69B4009DA7BF /* Release */ = {
			isa = XCBuildConfiguration;
			buildSettings = {
				ASSETCATALOG_COMPILER_APPICON_NAME = AppIcon;
				ASSETCATALOG_COMPILER_GLOBAL_ACCENT_COLOR_NAME = AccentColor;
				CODE_SIGN_STYLE = Automatic;
				CURRENT_PROJECT_VERSION = 1;
				DEVELOPMENT_ASSET_PATHS = "\"Pathy/Preview Content\"";
				ENABLE_PREVIEWS = YES;
				GENERATE_INFOPLIST_FILE = YES;
				INFOPLIST_KEY_NSLocationWhenInUseUsageDescription = "We will use your location to track the path you take during the walk or run.";
				INFOPLIST_KEY_UIApplicationSceneManifest_Generation = YES;
				INFOPLIST_KEY_UIApplicationSupportsIndirectInputEvents = YES;
				INFOPLIST_KEY_UILaunchScreen_Generation = YES;
				INFOPLIST_KEY_UISupportedInterfaceOrientations_iPad = "UIInterfaceOrientationPortrait UIInterfaceOrientationPortraitUpsideDown UIInterfaceOrientationLandscapeLeft UIInterfaceOrientationLandscapeRight";
				INFOPLIST_KEY_UISupportedInterfaceOrientations_iPhone = "UIInterfaceOrientationPortrait UIInterfaceOrientationLandscapeLeft UIInterfaceOrientationLandscapeRight";
				LD_RUNPATH_SEARCH_PATHS = (
					"$(inherited)",
					"@executable_path/Frameworks",
				);
				MARKETING_VERSION = 1.0;
				PRODUCT_BUNDLE_IDENTIFIER = mkdrabik.Pathy;
				PRODUCT_NAME = "$(TARGET_NAME)";
				SWIFT_EMIT_LOC_STRINGS = YES;
				SWIFT_VERSION = 5.0;
				TARGETED_DEVICE_FAMILY = "1,2";
			};
			name = Release;
		};
/* End XCBuildConfiguration section */

/* Begin XCConfigurationList section */
		3B70E1F32B7C69B3009DA7BF /* Build configuration list for PBXProject "Pathy" */ = {
			isa = XCConfigurationList;
			buildConfigurations = (
				3B70E2042B7C69B4009DA7BF /* Debug */,
				3B70E2052B7C69B4009DA7BF /* Release */,
			);
			defaultConfigurationIsVisible = 0;
			defaultConfigurationName = Release;
		};
		3B70E2062B7C69B4009DA7BF /* Build configuration list for PBXNativeTarget "Pathy" */ = {
			isa = XCConfigurationList;
			buildConfigurations = (
				3B70E2072B7C69B4009DA7BF /* Debug */,
				3B70E2082B7C69B4009DA7BF /* Release */,
			);
			defaultConfigurationIsVisible = 0;
			defaultConfigurationName = Release;
		};
/* End XCConfigurationList section */
	};
	rootObject = 3B70E1F02B7C69B3009DA7BF /* Project object */;
}
